// !$*UTF8*$!
{
	archiveVersion = 1;
	classes = {
	};
	objectVersion = 46;
	objects = {

/* Begin PBXBuildFile section */
		4AFB9ADD1AAC07B90015E273 /* main.m in Sources */ = {isa = PBXBuildFile; fileRef = 4AFB9ADC1AAC07B90015E273 /* main.m */; };
		4AFB9AE01AAC07B90015E273 /* AppDelegate.m in Sources */ = {isa = PBXBuildFile; fileRef = 4AFB9ADF1AAC07B90015E273 /* AppDelegate.m */; };
		4AFB9AE21AAC07B90015E273 /* Images.xcassets in Resources */ = {isa = PBXBuildFile; fileRef = 4AFB9AE11AAC07B90015E273 /* Images.xcassets */; };
		4AFB9AE51AAC07B90015E273 /* LaunchScreen.xib in Resources */ = {isa = PBXBuildFile; fileRef = 4AFB9AE31AAC07B90015E273 /* LaunchScreen.xib */; };
		4AFB9AF11AAC07B90015E273 /* JDRefreshTableHeaderViewTests.m in Sources */ = {isa = PBXBuildFile; fileRef = 4AFB9AF01AAC07B90015E273 /* JDRefreshTableHeaderViewTests.m */; };
/* End PBXBuildFile section */

/* Begin PBXContainerItemProxy section */
		4AFB9AEB1AAC07B90015E273 /* PBXContainerItemProxy */ = {
			isa = PBXContainerItemProxy;
			containerPortal = 4AFB9ACF1AAC07B90015E273 /* Project object */;
			proxyType = 1;
			remoteGlobalIDString = 4AFB9AD61AAC07B90015E273;
			remoteInfo = JDRefreshTableHeaderView;
		};
/* End PBXContainerItemProxy section */

/* Begin PBXFileReference section */
		4AFB9AD71AAC07B90015E273 /* JDRefreshTableHeaderView.app */ = {isa = PBXFileReference; explicitFileType = wrapper.application; includeInIndex = 0; path = JDRefreshTableHeaderView.app; sourceTree = BUILT_PRODUCTS_DIR; };
		4AFB9ADB1AAC07B90015E273 /* Info.plist */ = {isa = PBXFileReference; lastKnownFileType = text.plist.xml; path = Info.plist; sourceTree = "<group>"; };
		4AFB9ADC1AAC07B90015E273 /* main.m */ = {isa = PBXFileReference; lastKnownFileType = sourcecode.c.objc; path = main.m; sourceTree = "<group>"; };
		4AFB9ADE1AAC07B90015E273 /* AppDelegate.h */ = {isa = PBXFileReference; lastKnownFileType = sourcecode.c.h; path = AppDelegate.h; sourceTree = "<group>"; };
		4AFB9ADF1AAC07B90015E273 /* AppDelegate.m */ = {isa = PBXFileReference; lastKnownFileType = sourcecode.c.objc; path = AppDelegate.m; sourceTree = "<group>"; };
		4AFB9AE11AAC07B90015E273 /* Images.xcassets */ = {isa = PBXFileReference; lastKnownFileType = folder.assetcatalog; path = Images.xcassets; sourceTree = "<group>"; };
		4AFB9AE41AAC07B90015E273 /* Base */ = {isa = PBXFileReference; lastKnownFileType = file.xib; name = Base; path = Base.lproj/LaunchScreen.xib; sourceTree = "<group>"; };
		4AFB9AEA1AAC07B90015E273 /* JDRefreshTableHeaderViewTests.xctest */ = {isa = PBXFileReference; explicitFileType = wrapper.cfbundle; includeInIndex = 0; path = JDRefreshTableHeaderViewTests.xctest; sourceTree = BUILT_PRODUCTS_DIR; };
		4AFB9AEF1AAC07B90015E273 /* Info.plist */ = {isa = PBXFileReference; lastKnownFileType = text.plist.xml; path = Info.plist; sourceTree = "<group>"; };
		4AFB9AF01AAC07B90015E273 /* JDRefreshTableHeaderViewTests.m */ = {isa = PBXFileReference; lastKnownFileType = sourcecode.c.objc; path = JDRefreshTableHeaderViewTests.m; sourceTree = "<group>"; };
/* End PBXFileReference section */

/* Begin PBXFrameworksBuildPhase section */
		4AFB9AD41AAC07B90015E273 /* Frameworks */ = {
			isa = PBXFrameworksBuildPhase;
			buildActionMask = 2147483647;
			files = (
			);
			runOnlyForDeploymentPostprocessing = 0;
		};
		4AFB9AE71AAC07B90015E273 /* Frameworks */ = {
			isa = PBXFrameworksBuildPhase;
			buildActionMask = 2147483647;
			files = (
			);
			runOnlyForDeploymentPostprocessing = 0;
		};
/* End PBXFrameworksBuildPhase section */

/* Begin PBXGroup section */
		4AFB9ACE1AAC07B90015E273 = {
			isa = PBXGroup;
			children = (
				4AFB9AD91AAC07B90015E273 /* JDRefreshTableHeaderView */,
				4AFB9AED1AAC07B90015E273 /* JDRefreshTableHeaderViewTests */,
				4AFB9AD81AAC07B90015E273 /* Products */,
			);
			sourceTree = "<group>";
		};
		4AFB9AD81AAC07B90015E273 /* Products */ = {
			isa = PBXGroup;
			children = (
				4AFB9AD71AAC07B90015E273 /* JDRefreshTableHeaderView.app */,
				4AFB9AEA1AAC07B90015E273 /* JDRefreshTableHeaderViewTests.xctest */,
			);
			name = Products;
			sourceTree = "<group>";
		};
		4AFB9AD91AAC07B90015E273 /* JDRefreshTableHeaderView */ = {
			isa = PBXGroup;
			children = (
				4AFB9ADE1AAC07B90015E273 /* AppDelegate.h */,
				4AFB9ADF1AAC07B90015E273 /* AppDelegate.m */,
				4AFB9AE11AAC07B90015E273 /* Images.xcassets */,
				4AFB9AE31AAC07B90015E273 /* LaunchScreen.xib */,
				4AFB9ADA1AAC07B90015E273 /* Supporting Files */,
			);
			path = JDRefreshTableHeaderView;
			sourceTree = "<group>";
		};
		4AFB9ADA1AAC07B90015E273 /* Supporting Files */ = {
			isa = PBXGroup;
			children = (
				4AFB9ADB1AAC07B90015E273 /* Info.plist */,
				4AFB9ADC1AAC07B90015E273 /* main.m */,
			);
			name = "Supporting Files";
			sourceTree = "<group>";
		};
		4AFB9AED1AAC07B90015E273 /* JDRefreshTableHeaderViewTests */ = {
			isa = PBXGroup;
			children = (
				4AFB9AF01AAC07B90015E273 /* JDRefreshTableHeaderViewTests.m */,
				4AFB9AEE1AAC07B90015E273 /* Supporting Files */,
			);
			path = JDRefreshTableHeaderViewTests;
			sourceTree = "<group>";
		};
		4AFB9AEE1AAC07B90015E273 /* Supporting Files */ = {
			isa = PBXGroup;
			children = (
				4AFB9AEF1AAC07B90015E273 /* Info.plist */,
			);
			name = "Supporting Files";
			sourceTree = "<group>";
		};
/* End PBXGroup section */

/* Begin PBXNativeTarget section */
		4AFB9AD61AAC07B90015E273 /* JDRefreshTableHeaderView */ = {
			isa = PBXNativeTarget;
			buildConfigurationList = 4AFB9AF41AAC07B90015E273 /* Build configuration list for PBXNativeTarget "JDRefreshTableHeaderView" */;
			buildPhases = (
				4AFB9AD31AAC07B90015E273 /* Sources */,
				4AFB9AD41AAC07B90015E273 /* Frameworks */,
				4AFB9AD51AAC07B90015E273 /* Resources */,
			);
			buildRules = (
			);
			dependencies = (
			);
			name = JDRefreshTableHeaderView;
			productName = JDRefreshTableHeaderView;
			productReference = 4AFB9AD71AAC07B90015E273 /* JDRefreshTableHeaderView.app */;
			productType = "com.apple.product-type.application";
		};
		4AFB9AE91AAC07B90015E273 /* JDRefreshTableHeaderViewTests */ = {
			isa = PBXNativeTarget;
			buildConfigurationList = 4AFB9AF71AAC07B90015E273 /* Build configuration list for PBXNativeTarget "JDRefreshTableHeaderViewTests" */;
			buildPhases = (
				4AFB9AE61AAC07B90015E273 /* Sources */,
				4AFB9AE71AAC07B90015E273 /* Frameworks */,
				4AFB9AE81AAC07B90015E273 /* Resources */,
			);
			buildRules = (
			);
			dependencies = (
				4AFB9AEC1AAC07B90015E273 /* PBXTargetDependency */,
			);
			name = JDRefreshTableHeaderViewTests;
			productName = JDRefreshTableHeaderViewTests;
			productReference = 4AFB9AEA1AAC07B90015E273 /* JDRefreshTableHeaderViewTests.xctest */;
			productType = "com.apple.product-type.bundle.unit-test";
		};
/* End PBXNativeTarget section */

/* Begin PBXProject section */
		4AFB9ACF1AAC07B90015E273 /* Project object */ = {
			isa = PBXProject;
			attributes = {
				LastUpgradeCheck = 0610;
				ORGANIZATIONNAME = "Qiu Yuliang";
				TargetAttributes = {
					4AFB9AD61AAC07B90015E273 = {
						CreatedOnToolsVersion = 6.1;
					};
					4AFB9AE91AAC07B90015E273 = {
						CreatedOnToolsVersion = 6.1;
						TestTargetID = 4AFB9AD61AAC07B90015E273;
					};
				};
			};
			buildConfigurationList = 4AFB9AD21AAC07B90015E273 /* Build configuration list for PBXProject "JDRefreshTableHeaderView" */;
			compatibilityVersion = "Xcode 3.2";
			developmentRegion = English;
			hasScannedForEncodings = 0;
			knownRegions = (
				en,
				Base,
			);
			mainGroup = 4AFB9ACE1AAC07B90015E273;
			productRefGroup = 4AFB9AD81AAC07B90015E273 /* Products */;
			projectDirPath = "";
			projectRoot = "";
			targets = (
				4AFB9AD61AAC07B90015E273 /* JDRefreshTableHeaderView */,
				4AFB9AE91AAC07B90015E273 /* JDRefreshTableHeaderViewTests */,
			);
		};
/* End PBXProject section */

/* Begin PBXResourcesBuildPhase section */
		4AFB9AD51AAC07B90015E273 /* Resources */ = {
			isa = PBXResourcesBuildPhase;
			buildActionMask = 2147483647;
			files = (
				4AFB9AE51AAC07B90015E273 /* LaunchScreen.xib in Resources */,
				4AFB9AE21AAC07B90015E273 /* Images.xcassets in Resources */,
			);
			runOnlyForDeploymentPostprocessing = 0;
		};
		4AFB9AE81AAC07B90015E273 /* Resources */ = {
			isa = PBXResourcesBuildPhase;
			buildActionMask = 2147483647;
			files = (
			);
			runOnlyForDeploymentPostprocessing = 0;
		};
/* End PBXResourcesBuildPhase section */

/* Begin PBXSourcesBuildPhase section */
		4AFB9AD31AAC07B90015E273 /* Sources */ = {
			isa = PBXSourcesBuildPhase;
			buildActionMask = 2147483647;
			files = (
				4AFB9AE01AAC07B90015E273 /* AppDelegate.m in Sources */,
				4AFB9ADD1AAC07B90015E273 /* main.m in Sources */,
			);
			runOnlyForDeploymentPostprocessing = 0;
		};
		4AFB9AE61AAC07B90015E273 /* Sources */ = {
			isa = PBXSourcesBuildPhase;
			buildActionMask = 2147483647;
			files = (
				4AFB9AF11AAC07B90015E273 /* JDRefreshTableHeaderViewTests.m in Sources */,
			);
			runOnlyForDeploymentPostprocessing = 0;
		};
/* End PBXSourcesBuildPhase section */

/* Begin PBXTargetDependency section */
		4AFB9AEC1AAC07B90015E273 /* PBXTargetDependency */ = {
			isa = PBXTargetDependency;
			target = 4AFB9AD61AAC07B90015E273 /* JDRefreshTableHeaderView */;
			targetProxy = 4AFB9AEB1AAC07B90015E273 /* PBXContainerItemProxy */;
		};
/* End PBXTargetDependency section */

/* Begin PBXVariantGroup section */
		4AFB9AE31AAC07B90015E273 /* LaunchScreen.xib */ = {
			isa = PBXVariantGroup;
			children = (
				4AFB9AE41AAC07B90015E273 /* Base */,
			);
			name = LaunchScreen.xib;
			sourceTree = "<group>";
		};
/* End PBXVariantGroup section */

/* Begin XCBuildConfiguration section */
		4AFB9AF21AAC07B90015E273 /* Debug */ = {
			isa = XCBuildConfiguration;
			buildSettings = {
				ALWAYS_SEARCH_USER_PATHS = NO;
				CLANG_CXX_LANGUAGE_STANDARD = "gnu++0x";
				CLANG_CXX_LIBRARY = "libc++";
				CLANG_ENABLE_MODULES = YES;
				CLANG_ENABLE_OBJC_ARC = YES;
				CLANG_WARN_BOOL_CONVERSION = YES;
				CLANG_WARN_CONSTANT_CONVERSION = YES;
				CLANG_WARN_DIRECT_OBJC_ISA_USAGE = YES_ERROR;
				CLANG_WARN_EMPTY_BODY = YES;
				CLANG_WARN_ENUM_CONVERSION = YES;
				CLANG_WARN_INT_CONVERSION = YES;
				CLANG_WARN_OBJC_ROOT_CLASS = YES_ERROR;
				CLANG_WARN_UNREACHABLE_CODE = YES;
				CLANG_WARN__DUPLICATE_METHOD_MATCH = YES;
				"CODE_SIGN_IDENTITY[sdk=iphoneos*]" = "iPhone Developer";
				COPY_PHASE_STRIP = NO;
				ENABLE_STRICT_OBJC_MSGSEND = YES;
				GCC_C_LANGUAGE_STANDARD = gnu99;
				GCC_DYNAMIC_NO_PIC = NO;
				GCC_OPTIMIZATION_LEVEL = 0;
				GCC_PREPROCESSOR_DEFINITIONS = (
					"DEBUG=1",
					"$(inherited)",
				);
				GCC_SYMBOLS_PRIVATE_EXTERN = NO;
				GCC_WARN_64_TO_32_BIT_CONVERSION = YES;
				GCC_WARN_ABOUT_RETURN_TYPE = YES_ERROR;
				GCC_WARN_UNDECLARED_SELECTOR = YES;
				GCC_WARN_UNINITIALIZED_AUTOS = YES_AGGRESSIVE;
				GCC_WARN_UNUSED_FUNCTION = YES;
				GCC_WARN_UNUSED_VARIABLE = YES;
				IPHONEOS_DEPLOYMENT_TARGET = 8.1;
				MTL_ENABLE_DEBUG_INFO = YES;
				ONLY_ACTIVE_ARCH = YES;
				SDKROOT = iphoneos;
				TARGETED_DEVICE_FAMILY = "1,2";
			};
			name = Debug;
		};
		4AFB9AF31AAC07B90015E273 /* Release */ = {
			isa = XCBuildConfiguration;
			buildSettings = {
				ALWAYS_SEARCH_USER_PATHS = NO;
				CLANG_CXX_LANGUAGE_STANDARD = "gnu++0x";
				CLANG_CXX_LIBRARY = "libc++";
				CLANG_ENABLE_MODULES = YES;
				CLANG_ENABLE_OBJC_ARC = YES;
				CLANG_WARN_BOOL_CONVERSION = YES;
				CLANG_WARN_CONSTANT_CONVERSION = YES;
				CLANG_WARN_DIRECT_OBJC_ISA_USAGE = YES_ERROR;
				CLANG_WARN_EMPTY_BODY = YES;
				CLANG_WARN_ENUM_CONVERSION = YES;
				CLANG_WARN_INT_CONVERSION = YES;
				CLANG_WARN_OBJC_ROOT_CLASS = YES_ERROR;
				CLANG_WARN_UNREACHABLE_CODE = YES;
				CLANG_WARN__DUPLICATE_METHOD_MATCH = YES;
				"CODE_SIGN_IDENTITY[sdk=iphoneos*]" = "iPhone Developer";
				COPY_PHASE_STRIP = YES;
				ENABLE_NS_ASSERTIONS = NO;
				ENABLE_STRICT_OBJC_MSGSEND = YES;
				GCC_C_LANGUAGE_STANDARD = gnu99;
				GCC_WARN_64_TO_32_BIT_CONVERSION = YES;
				GCC_WARN_ABOUT_RETURN_TYPE = YES_ERROR;
				GCC_WARN_UNDECLARED_SELECTOR = YES;
				GCC_WARN_UNINITIALIZED_AUTOS = YES_AGGRESSIVE;
				GCC_WARN_UNUSED_FUNCTION = YES;
				GCC_WARN_UNUSED_VARIABLE = YES;
				IPHONEOS_DEPLOYMENT_TARGET = 8.1;
				MTL_ENABLE_DEBUG_INFO = NO;
				SDKROOT = iphoneos;
				TARGETED_DEVICE_FAMILY = "1,2";
				VALIDATE_PRODUCT = YES;
			};
			name = Release;
		};
		4AFB9AF51AAC07B90015E273 /* Debug */ = {
			isa = XCBuildConfiguration;
			buildSettings = {
				ASSETCATALOG_COMPILER_APPICON_NAME = AppIcon;
				INFOPLIST_FILE = JDRefreshTableHeaderView/Info.plist;
				LD_RUNPATH_SEARCH_PATHS = "$(inherited) @executable_path/Frameworks";
				PRODUCT_NAME = "$(TARGET_NAME)";
			};
			name = Debug;
		};
		4AFB9AF61AAC07B90015E273 /* Release */ = {
			isa = XCBuildConfiguration;
			buildSettings = {
				ASSETCATALOG_COMPILER_APPICON_NAME = AppIcon;
				INFOPLIST_FILE = JDRefreshTableHeaderView/Info.plist;
				LD_RUNPATH_SEARCH_PATHS = "$(inherited) @executable_path/Frameworks";
				PRODUCT_NAME = "$(TARGET_NAME)";
			};
			name = Release;
		};
		4AFB9AF81AAC07B90015E273 /* Debug */ = {
			isa = XCBuildConfiguration;
			buildSettings = {
				BUNDLE_LOADER = "$(TEST_HOST)";
				FRAMEWORK_SEARCH_PATHS = (
					"$(SDKROOT)/Developer/Library/Frameworks",
					"$(inherited)",
				);
				GCC_PREPROCESSOR_DEFINITIONS = (
					"DEBUG=1",
					"$(inherited)",
				);
				INFOPLIST_FILE = JDRefreshTableHeaderViewTests/Info.plist;
				LD_RUNPATH_SEARCH_PATHS = "$(inherited) @executable_path/Frameworks @loader_path/Frameworks";
				PRODUCT_NAME = "$(TARGET_NAME)";
				TEST_HOST = "$(BUILT_PRODUCTS_DIR)/JDRefreshTableHeaderView.app/JDRefreshTableHeaderView";
			};
			name = Debug;
		};
		4AFB9AF91AAC07B90015E273 /* Release */ = {
			isa = XCBuildConfiguration;
			buildSettings = {
				BUNDLE_LOADER = "$(TEST_HOST)";
				FRAMEWORK_SEARCH_PATHS = (
					"$(SDKROOT)/Developer/Library/Frameworks",
					"$(inherited)",
				);
				INFOPLIST_FILE = JDRefreshTableHeaderViewTests/Info.plist;
				LD_RUNPATH_SEARCH_PATHS = "$(inherited) @executable_path/Frameworks @loader_path/Frameworks";
				PRODUCT_NAME = "$(TARGET_NAME)";
				TEST_HOST = "$(BUILT_PRODUCTS_DIR)/JDRefreshTableHeaderView.app/JDRefreshTableHeaderView";
			};
			name = Release;
		};
/* End XCBuildConfiguration section */

/* Begin XCConfigurationList section */
		4AFB9AD21AAC07B90015E273 /* Build configuration list for PBXProject "JDRefreshTableHeaderView" */ = {
			isa = XCConfigurationList;
			buildConfigurations = (
				4AFB9AF21AAC07B90015E273 /* Debug */,
				4AFB9AF31AAC07B90015E273 /* Release */,
			);
			defaultConfigurationIsVisible = 0;
			defaultConfigurationName = Release;
		};
		4AFB9AF41AAC07B90015E273 /* Build configuration list for PBXNativeTarget "JDRefreshTableHeaderView" */ = {
			isa = XCConfigurationList;
			buildConfigurations = (
				4AFB9AF51AAC07B90015E273 /* Debug */,
				4AFB9AF61AAC07B90015E273 /* Release */,
			);
			defaultConfigurationIsVisible = 0;
		};
		4AFB9AF71AAC07B90015E273 /* Build configuration list for PBXNativeTarget "JDRefreshTableHeaderViewTests" */ = {
			isa = XCConfigurationList;
			buildConfigurations = (
				4AFB9AF81AAC07B90015E273 /* Debug */,
				4AFB9AF91AAC07B90015E273 /* Release */,
			);
			defaultConfigurationIsVisible = 0;
		};
/* End XCConfigurationList section */
	};
	rootObject = 4AFB9ACF1AAC07B90015E273 /* Project object */;
}
